
Microsoft Visual Studio Solution File, Format Version 12.00
# Visual Studio Version 16
VisualStudioVersion = 16.0.30717.126
MinimumVisualStudioVersion = 10.0.40219.1
Project("{FAE04EC0-301F-11D3-BF4B-00C04F79EFBC}") = "02_Animace", "02_Animace\02_Animace.csproj", "{5E860991-411A-4706-BC4D-20FB759117DD}"
EndProject
Global
	GlobalSection(SolutionConfigurationPlatforms) = preSolution
		Debug|Any CPU = Debug|Any CPU
		Release|Any CPU = Release|Any CPU
	EndGlobalSection
	GlobalSection(ProjectConfigurationPlatforms) = postSolution
		{5E860991-411A-4706-BC4D-20FB759117DD}.Debug|Any CPU.ActiveCfg = Debug|Any CPU
		{5E860991-411A-4706-BC4D-20FB759117DD}.Debug|Any CPU.Build.0 = Debug|Any CPU
		{5E860991-411A-4706-BC4D-20FB759117DD}.Release|Any CPU.ActiveCfg = Release|Any CPU
		{5E860991-411A-4706-BC4D-20FB759117DD}.Release|Any CPU.Build.0 = Release|Any CPU
	EndGlobalSection
	GlobalSection(SolutionProperties) = preSolution
		HideSolutionNode = FALSE
	EndGlobalSection
	GlobalSection(ExtensibilityGlobals) = postSolution
		SolutionGuid = {441FA94D-F3ED-456A-B70E-7AAC5B1FEC93}
	EndGlobalSection
EndGlobal
